
Microsoft Visual Studio Solution File, Format Version 12.00
# Visual Studio 14
VisualStudioVersion = 14.0.23107.0
MinimumVisualStudioVersion = 10.0.40219.1
Project("{FAE04EC0-301F-11D3-BF4B-00C04F79EFBC}") = "DBEngine", "DBEngine\DBEngine.csproj", "{9F039B4C-22C7-488B-9E2F-B7224CC46A2D}"
EndProject
Project("{FAE04EC0-301F-11D3-BF4B-00C04F79EFBC}") = "DBElement", "DBElement\DBElement.csproj", "{1D9FDB3E-8C03-493F-8D76-0443B298E854}"
EndProject
Project("{FAE04EC0-301F-11D3-BF4B-00C04F79EFBC}") = "Display", "Display\Display.csproj", "{84FEC583-D643-4465-ADA0-C34C9BF8C624}"
EndProject
Project("{FAE04EC0-301F-11D3-BF4B-00C04F79EFBC}") = "DBExtensions", "DBExtensions\DBExtensions.csproj", "{A6ECC225-6634-474E-97F6-54FB2F758C99}"
EndProject
Project("{FAE04EC0-301F-11D3-BF4B-00C04F79EFBC}") = "UtilityExtensions", "UtilityExtensions\UtilityExtensions.csproj", "{7092AC78-846B-424B-9CC3-94E2CB2D3C25}"
EndProject
Project("{FAE04EC0-301F-11D3-BF4B-00C04F79EFBC}") = "TestExec", "TestExec\TestExec.csproj", "{82E16B27-0174-499B-BFEB-169FE687EFA2}"
EndProject
Project("{FAE04EC0-301F-11D3-BF4B-00C04F79EFBC}") = "DBElementTest", "DBElementTest\DBElementTest.csproj", "{366A04BA-32C8-4BD0-A69A-643FB005164E}"
EndProject
Project("{FAE04EC0-301F-11D3-BF4B-00C04F79EFBC}") = "DBEngineTest", "DBEngineTest\DBEngineTest.csproj", "{B7C08B4F-0FE5-438A-8D5D-E68A8CCABFFF}"
EndProject
Project("{FAE04EC0-301F-11D3-BF4B-00C04F79EFBC}") = "ItemEditor", "ItemEditor\ItemEditor.csproj", "{900E0510-93E1-4BC2-B54B-14F04CE74050}"
EndProject
Project("{FAE04EC0-301F-11D3-BF4B-00C04F79EFBC}") = "PersistEngine", "PersistEngine\PersistEngine.csproj", "{63EFEC3A-404A-48FF-BC9A-D21BF719CB37}"
EndProject
Project("{FAE04EC0-301F-11D3-BF4B-00C04F79EFBC}") = "ReadXML", "ReadXML\ReadXML.csproj", "{3ECECC38-AB18-460A-A012-893C575CEA34}"
EndProject
Project("{FAE04EC0-301F-11D3-BF4B-00C04F79EFBC}") = "QueryEngine", "QueryEngine\QueryEngine.csproj", "{17B06AF5-2E21-4D8F-A364-2CC5F3333DA6}"
EndProject
Project("{FAE04EC0-301F-11D3-BF4B-00C04F79EFBC}") = "Scheduler", "Scheduler\Scheduler.csproj", "{0C2933D9-8239-4E4D-8AA3-D10B3A684C4A}"
EndProject
Project("{FAE04EC0-301F-11D3-BF4B-00C04F79EFBC}") = "DBFactory", "DBFactory\DBFactory.csproj", "{E72755E1-ECB2-41CA-B5E2-4FEB0DC76DB8}"
EndProject
Project("{FAE04EC0-301F-11D3-BF4B-00C04F79EFBC}") = "Bonus", "Bonus\Bonus.csproj", "{84CEC410-0608-4F6E-B9F7-AF3FBD7AA46D}"
EndProject
Global
	GlobalSection(SolutionConfigurationPlatforms) = preSolution
		Debug|Any CPU = Debug|Any CPU
		Release|Any CPU = Release|Any CPU
	EndGlobalSection
	GlobalSection(ProjectConfigurationPlatforms) = postSolution
		{9F039B4C-22C7-488B-9E2F-B7224CC46A2D}.Debug|Any CPU.ActiveCfg = Debug|Any CPU
		{9F039B4C-22C7-488B-9E2F-B7224CC46A2D}.Debug|Any CPU.Build.0 = Debug|Any CPU
		{9F039B4C-22C7-488B-9E2F-B7224CC46A2D}.Release|Any CPU.ActiveCfg = Release|Any CPU
		{9F039B4C-22C7-488B-9E2F-B7224CC46A2D}.Release|Any CPU.Build.0 = Release|Any CPU
		{1D9FDB3E-8C03-493F-8D76-0443B298E854}.Debug|Any CPU.ActiveCfg = Debug|Any CPU
		{1D9FDB3E-8C03-493F-8D76-0443B298E854}.Debug|Any CPU.Build.0 = Debug|Any CPU
		{1D9FDB3E-8C03-493F-8D76-0443B298E854}.Release|Any CPU.ActiveCfg = Release|Any CPU
		{1D9FDB3E-8C03-493F-8D76-0443B298E854}.Release|Any CPU.Build.0 = Release|Any CPU
		{84FEC583-D643-4465-ADA0-C34C9BF8C624}.Debug|Any CPU.ActiveCfg = Debug|Any CPU
		{84FEC583-D643-4465-ADA0-C34C9BF8C624}.Debug|Any CPU.Build.0 = Debug|Any CPU
		{84FEC583-D643-4465-ADA0-C34C9BF8C624}.Release|Any CPU.ActiveCfg = Release|Any CPU
		{84FEC583-D643-4465-ADA0-C34C9BF8C624}.Release|Any CPU.Build.0 = Release|Any CPU
		{A6ECC225-6634-474E-97F6-54FB2F758C99}.Debug|Any CPU.ActiveCfg = Debug|Any CPU
		{A6ECC225-6634-474E-97F6-54FB2F758C99}.Debug|Any CPU.Build.0 = Debug|Any CPU
		{A6ECC225-6634-474E-97F6-54FB2F758C99}.Release|Any CPU.ActiveCfg = Release|Any CPU
		{A6ECC225-6634-474E-97F6-54FB2F758C99}.Release|Any CPU.Build.0 = Release|Any CPU
		{7092AC78-846B-424B-9CC3-94E2CB2D3C25}.Debug|Any CPU.ActiveCfg = Debug|Any CPU
		{7092AC78-846B-424B-9CC3-94E2CB2D3C25}.Debug|Any CPU.Build.0 = Debug|Any CPU
		{7092AC78-846B-424B-9CC3-94E2CB2D3C25}.Release|Any CPU.ActiveCfg = Release|Any CPU
		{7092AC78-846B-424B-9CC3-94E2CB2D3C25}.Release|Any CPU.Build.0 = Release|Any CPU
		{82E16B27-0174-499B-BFEB-169FE687EFA2}.Debug|Any CPU.ActiveCfg = Debug|Any CPU
		{82E16B27-0174-499B-BFEB-169FE687EFA2}.Debug|Any CPU.Build.0 = Debug|Any CPU
		{82E16B27-0174-499B-BFEB-169FE687EFA2}.Release|Any CPU.ActiveCfg = Release|Any CPU
		{82E16B27-0174-499B-BFEB-169FE687EFA2}.Release|Any CPU.Build.0 = Release|Any CPU
		{366A04BA-32C8-4BD0-A69A-643FB005164E}.Debug|Any CPU.ActiveCfg = Debug|Any CPU
		{366A04BA-32C8-4BD0-A69A-643FB005164E}.Debug|Any CPU.Build.0 = Debug|Any CPU
		{366A04BA-32C8-4BD0-A69A-643FB005164E}.Release|Any CPU.ActiveCfg = Release|Any CPU
		{366A04BA-32C8-4BD0-A69A-643FB005164E}.Release|Any CPU.Build.0 = Release|Any CPU
		{B7C08B4F-0FE5-438A-8D5D-E68A8CCABFFF}.Debug|Any CPU.ActiveCfg = Debug|Any CPU
		{B7C08B4F-0FE5-438A-8D5D-E68A8CCABFFF}.Debug|Any CPU.Build.0 = Debug|Any CPU
		{B7C08B4F-0FE5-438A-8D5D-E68A8CCABFFF}.Release|Any CPU.ActiveCfg = Release|Any CPU
		{B7C08B4F-0FE5-438A-8D5D-E68A8CCABFFF}.Release|Any CPU.Build.0 = Release|Any CPU
		{900E0510-93E1-4BC2-B54B-14F04CE74050}.Debug|Any CPU.ActiveCfg = Debug|Any CPU
		{900E0510-93E1-4BC2-B54B-14F04CE74050}.Debug|Any CPU.Build.0 = Debug|Any CPU
		{900E0510-93E1-4BC2-B54B-14F04CE74050}.Release|Any CPU.ActiveCfg = Release|Any CPU
		{900E0510-93E1-4BC2-B54B-14F04CE74050}.Release|Any CPU.Build.0 = Release|Any CPU
		{63EFEC3A-404A-48FF-BC9A-D21BF719CB37}.Debug|Any CPU.ActiveCfg = Debug|Any CPU
		{63EFEC3A-404A-48FF-BC9A-D21BF719CB37}.Debug|Any CPU.Build.0 = Debug|Any CPU
		{63EFEC3A-404A-48FF-BC9A-D21BF719CB37}.Release|Any CPU.ActiveCfg = Release|Any CPU
		{63EFEC3A-404A-48FF-BC9A-D21BF719CB37}.Release|Any CPU.Build.0 = Release|Any CPU
		{3ECECC38-AB18-460A-A012-893C575CEA34}.Debug|Any CPU.ActiveCfg = Debug|Any CPU
		{3ECECC38-AB18-460A-A012-893C575CEA34}.Debug|Any CPU.Build.0 = Debug|Any CPU
		{3ECECC38-AB18-460A-A012-893C575CEA34}.Release|Any CPU.ActiveCfg = Release|Any CPU
		{3ECECC38-AB18-460A-A012-893C575CEA34}.Release|Any CPU.Build.0 = Release|Any CPU
		{17B06AF5-2E21-4D8F-A364-2CC5F3333DA6}.Debug|Any CPU.ActiveCfg = Debug|Any CPU
		{17B06AF5-2E21-4D8F-A364-2CC5F3333DA6}.Debug|Any CPU.Build.0 = Debug|Any CPU
		{17B06AF5-2E21-4D8F-A364-2CC5F3333DA6}.Release|Any CPU.ActiveCfg = Release|Any CPU
		{17B06AF5-2E21-4D8F-A364-2CC5F3333DA6}.Release|Any CPU.Build.0 = Release|Any CPU
		{0C2933D9-8239-4E4D-8AA3-D10B3A684C4A}.Debug|Any CPU.ActiveCfg = Debug|Any CPU
		{0C2933D9-8239-4E4D-8AA3-D10B3A684C4A}.Debug|Any CPU.Build.0 = Debug|Any CPU
		{0C2933D9-8239-4E4D-8AA3-D10B3A684C4A}.Release|Any CPU.ActiveCfg = Release|Any CPU
		{0C2933D9-8239-4E4D-8AA3-D10B3A684C4A}.Release|Any CPU.Build.0 = Release|Any CPU
		{E72755E1-ECB2-41CA-B5E2-4FEB0DC76DB8}.Debug|Any CPU.ActiveCfg = Debug|Any CPU
		{E72755E1-ECB2-41CA-B5E2-4FEB0DC76DB8}.Debug|Any CPU.Build.0 = Debug|Any CPU
		{E72755E1-ECB2-41CA-B5E2-4FEB0DC76DB8}.Release|Any CPU.ActiveCfg = Release|Any CPU
		{E72755E1-ECB2-41CA-B5E2-4FEB0DC76DB8}.Release|Any CPU.Build.0 = Release|Any CPU
		{84CEC410-0608-4F6E-B9F7-AF3FBD7AA46D}.Debug|Any CPU.ActiveCfg = Debug|Any CPU
		{84CEC410-0608-4F6E-B9F7-AF3FBD7AA46D}.Debug|Any CPU.Build.0 = Debug|Any CPU
		{84CEC410-0608-4F6E-B9F7-AF3FBD7AA46D}.Release|Any CPU.ActiveCfg = Release|Any CPU
		{84CEC410-0608-4F6E-B9F7-AF3FBD7AA46D}.Release|Any CPU.Build.0 = Release|Any CPU
	EndGlobalSection
	GlobalSection(SolutionProperties) = preSolution
		HideSolutionNode = FALSE
	EndGlobalSection
EndGlobal
